
Microsoft Visual Studio Solution File, Format Version 12.00
# Visual Studio 14
VisualStudioVersion = 14.0.23107.0
MinimumVisualStudioVersion = 10.0.40219.1
Project("{E24C65DC-7377-472B-9ABA-BC803B73C61A}") = "AMISS4", "..\AMISS4", "{8EF6B916-AB0E-4B27-893A-512EA2DDF8BD}"
	ProjectSection(WebsiteProperties) = preProject
		SccProjectName = ""$/Du_an_Chung/AMISS4/AMISS4", XPRAAAAA"
		SccAuxPath = ""
		SccLocalPath = "."
		SccProvider = "MSSCCI:Microsoft Visual SourceSafe"
		TargetFrameworkMoniker = ".NETFramework,Version%3Dv4.5.2"
		Debug.AspNetCompiler.VirtualPath = "/localhost_50267"
		Debug.AspNetCompiler.PhysicalPath = "..\AMISS4\"
		Debug.AspNetCompiler.TargetPath = "PrecompiledWeb\localhost_50267\"
		Debug.AspNetCompiler.Updateable = "true"
		Debug.AspNetCompiler.ForceOverwrite = "true"
		Debug.AspNetCompiler.FixedNames = "false"
		Debug.AspNetCompiler.Debug = "True"
		Release.AspNetCompiler.VirtualPath = "/localhost_50267"
		Release.AspNetCompiler.PhysicalPath = "..\AMISS4\"
		Release.AspNetCompiler.TargetPath = "PrecompiledWeb\localhost_50267\"
		Release.AspNetCompiler.Updateable = "true"
		Release.AspNetCompiler.ForceOverwrite = "true"
		Release.AspNetCompiler.FixedNames = "false"
		Release.AspNetCompiler.Debug = "False"
		VWDPort = "50267"
		SlnRelativePath = "..\AMISS4\"
	EndProjectSection
EndProject
Global
	GlobalSection(SolutionConfigurationPlatforms) = preSolution
		Debug|Any CPU = Debug|Any CPU
	EndGlobalSection
	GlobalSection(ProjectConfigurationPlatforms) = postSolution
		{8EF6B916-AB0E-4B27-893A-512EA2DDF8BD}.Debug|Any CPU.ActiveCfg = Debug|Any CPU
		{8EF6B916-AB0E-4B27-893A-512EA2DDF8BD}.Debug|Any CPU.Build.0 = Debug|Any CPU
	EndGlobalSection
	GlobalSection(SolutionProperties) = preSolution
		HideSolutionNode = FALSE
	EndGlobalSection
	GlobalSection(SourceCodeControl) = preSolution
		SccNumberOfProjects = 2
		SccLocalPath0 = .
		SccWebProject1 = true
		SccProjectUniqueName1 = .
		SccLocalPath1 = D:\\LONGCT\\AMISS4
		SccProjectEnlistmentChoice1 = 2
	EndGlobalSection
EndGlobal
