
Microsoft Visual Studio Solution File, Format Version 12.00
# Visual Studio 14
VisualStudioVersion = 14.0.25420.1
MinimumVisualStudioVersion = 10.0.40219.1
Project("{E24C65DC-7377-472B-9ABA-BC803B73C61A}") = "AMISS_V4", "AMISS_V4", "{78B6BA17-05C9-46D9-89CA-46B4BA64C561}"
	ProjectSection(WebsiteProperties) = preProject
		SccProjectName = ""$/IFC_PROJECT", XCEDAAAA"
		SccAuxPath = ""
		SccLocalPath = ".."
		SccProvider = "MSSCCI:Microsoft Visual SourceSafe"
		TargetFrameworkMoniker = ".NETFramework,Version%3Dv4.0"
		Debug.AspNetCompiler.VirtualPath = "/localhost_61946"
		Debug.AspNetCompiler.PhysicalPath = "AMISS_V4\"
		Debug.AspNetCompiler.TargetPath = "PrecompiledWeb\localhost_61946\"
		Debug.AspNetCompiler.Updateable = "true"
		Debug.AspNetCompiler.ForceOverwrite = "true"
		Debug.AspNetCompiler.FixedNames = "false"
		Debug.AspNetCompiler.Debug = "True"
		Release.AspNetCompiler.VirtualPath = "/localhost_61946"
		Release.AspNetCompiler.PhysicalPath = "AMISS_V4\"
		Release.AspNetCompiler.TargetPath = "PrecompiledWeb\localhost_61946\"
		Release.AspNetCompiler.Updateable = "true"
		Release.AspNetCompiler.ForceOverwrite = "true"
		Release.AspNetCompiler.FixedNames = "false"
		Release.AspNetCompiler.Debug = "False"
		VWDPort = "61946"
		SlnRelativePath = "AMISS_V4\"
		DefaultWebSiteLanguage = "Visual C#"
	EndProjectSection
EndProject
Project("{E24C65DC-7377-472B-9ABA-BC803B73C61A}") = "HOADONDIENTU", "HOADONDIENTU", "{EA2B1B11-98E3-4744-91A5-A8A3E81B48DC}"
	ProjectSection(WebsiteProperties) = preProject
		SccProjectName = ""$/IFC_PROJECT", XCEDAAAA"
		SccAuxPath = ""
		SccLocalPath = ".."
		SccProvider = "MSSCCI:Microsoft Visual SourceSafe"
		TargetFrameworkMoniker = ".NETFramework,Version%3Dv4.0"
		Debug.AspNetCompiler.VirtualPath = "/localhost_61956"
		Debug.AspNetCompiler.PhysicalPath = "HOADONDIENTU\"
		Debug.AspNetCompiler.TargetPath = "PrecompiledWeb\localhost_61956\"
		Debug.AspNetCompiler.Updateable = "true"
		Debug.AspNetCompiler.ForceOverwrite = "true"
		Debug.AspNetCompiler.FixedNames = "false"
		Debug.AspNetCompiler.Debug = "True"
		Release.AspNetCompiler.VirtualPath = "/localhost_61956"
		Release.AspNetCompiler.PhysicalPath = "HOADONDIENTU\"
		Release.AspNetCompiler.TargetPath = "PrecompiledWeb\localhost_61956\"
		Release.AspNetCompiler.Updateable = "true"
		Release.AspNetCompiler.ForceOverwrite = "true"
		Release.AspNetCompiler.FixedNames = "false"
		Release.AspNetCompiler.Debug = "False"
		VWDPort = "61956"
		SlnRelativePath = "HOADONDIENTU\"
		DefaultWebSiteLanguage = "Visual C#"
	EndProjectSection
EndProject
Project("{E24C65DC-7377-472B-9ABA-BC803B73C61A}") = "AMOSI_WEB", "AMOSI_WEB", "{EAE26BA5-C9B6-4D8D-9AFD-D47A03891D79}"
	ProjectSection(WebsiteProperties) = preProject
		SccProjectName = ""$/IFC_PROJECT", XCEDAAAA"
		SccAuxPath = ""
		SccLocalPath = ".."
		SccProvider = "MSSCCI:Microsoft Visual SourceSafe"
		TargetFrameworkMoniker = ".NETFramework,Version%3Dv4.0"
		Debug.AspNetCompiler.VirtualPath = "/localhost_61963"
		Debug.AspNetCompiler.PhysicalPath = "AMOSI_WEB\"
		Debug.AspNetCompiler.TargetPath = "PrecompiledWeb\localhost_61963\"
		Debug.AspNetCompiler.Updateable = "true"
		Debug.AspNetCompiler.ForceOverwrite = "true"
		Debug.AspNetCompiler.FixedNames = "false"
		Debug.AspNetCompiler.Debug = "True"
		Release.AspNetCompiler.VirtualPath = "/localhost_61963"
		Release.AspNetCompiler.PhysicalPath = "AMOSI_WEB\"
		Release.AspNetCompiler.TargetPath = "PrecompiledWeb\localhost_61963\"
		Release.AspNetCompiler.Updateable = "true"
		Release.AspNetCompiler.ForceOverwrite = "true"
		Release.AspNetCompiler.FixedNames = "false"
		Release.AspNetCompiler.Debug = "False"
		VWDPort = "61963"
		SlnRelativePath = "AMOSI_WEB\"
		DefaultWebSiteLanguage = "Visual C#"
	EndProjectSection
EndProject
Project("{E24C65DC-7377-472B-9ABA-BC803B73C61A}") = "STREETLIGHT", "STREETLIGHT", "{76551086-598F-46E7-89A8-C85562A57830}"
	ProjectSection(WebsiteProperties) = preProject
		SccProjectName = ""$/IFC_PROJECT", XCEDAAAA"
		SccAuxPath = ""
		SccLocalPath = ".."
		SccProvider = "MSSCCI:Microsoft Visual SourceSafe"
		TargetFrameworkMoniker = ".NETFramework,Version%3Dv4.0"
		Debug.AspNetCompiler.VirtualPath = "/localhost_59859"
		Debug.AspNetCompiler.PhysicalPath = "STREETLIGHT\"
		Debug.AspNetCompiler.TargetPath = "PrecompiledWeb\localhost_59859\"
		Debug.AspNetCompiler.Updateable = "true"
		Debug.AspNetCompiler.ForceOverwrite = "true"
		Debug.AspNetCompiler.FixedNames = "false"
		Debug.AspNetCompiler.Debug = "True"
		Release.AspNetCompiler.VirtualPath = "/localhost_59859"
		Release.AspNetCompiler.PhysicalPath = "STREETLIGHT\"
		Release.AspNetCompiler.TargetPath = "PrecompiledWeb\localhost_59859\"
		Release.AspNetCompiler.Updateable = "true"
		Release.AspNetCompiler.ForceOverwrite = "true"
		Release.AspNetCompiler.FixedNames = "false"
		Release.AspNetCompiler.Debug = "False"
		VWDPort = "59859"
		SlnRelativePath = "STREETLIGHT\"
		DefaultWebSiteLanguage = "Visual C#"
	EndProjectSection
EndProject
Project("{E24C65DC-7377-472B-9ABA-BC803B73C61A}") = "XANGDAU", "XANGDAU", "{22E60ADD-1012-4D93-BA34-DDF7889E690D}"
	ProjectSection(WebsiteProperties) = preProject
		SccProjectName = ""$/IFC_PROJECT", XCEDAAAA"
		SccAuxPath = ""
		SccLocalPath = ".."
		SccProvider = "MSSCCI:Microsoft Visual SourceSafe"
		TargetFrameworkMoniker = ".NETFramework,Version%3Dv4.0"
		Debug.AspNetCompiler.VirtualPath = "/localhost_55940"
		Debug.AspNetCompiler.PhysicalPath = "XANGDAU\"
		Debug.AspNetCompiler.TargetPath = "PrecompiledWeb\localhost_55940\"
		Debug.AspNetCompiler.Updateable = "true"
		Debug.AspNetCompiler.ForceOverwrite = "true"
		Debug.AspNetCompiler.FixedNames = "false"
		Debug.AspNetCompiler.Debug = "True"
		Release.AspNetCompiler.VirtualPath = "/localhost_55940"
		Release.AspNetCompiler.PhysicalPath = "XANGDAU\"
		Release.AspNetCompiler.TargetPath = "PrecompiledWeb\localhost_55940\"
		Release.AspNetCompiler.Updateable = "true"
		Release.AspNetCompiler.ForceOverwrite = "true"
		Release.AspNetCompiler.FixedNames = "false"
		Release.AspNetCompiler.Debug = "False"
		VWDPort = "55940"
		SlnRelativePath = "XANGDAU\"
		DefaultWebSiteLanguage = "Visual C#"
	EndProjectSection
EndProject
Project("{E24C65DC-7377-472B-9ABA-BC803B73C61A}") = "STREETLIGHT_MOBLE", "STREETLIGHT_MOBLE", "{BAAAA9AF-A2A0-40E5-A7B4-B74E7D1BC1DB}"
	ProjectSection(WebsiteProperties) = preProject
		SccProjectName = ""$/IFC_PROJECT", XCEDAAAA"
		SccAuxPath = ""
		SccLocalPath = ".."
		SccProvider = "MSSCCI:Microsoft Visual SourceSafe"
		TargetFrameworkMoniker = ".NETFramework,Version%3Dv4.0"
		Debug.AspNetCompiler.VirtualPath = "/localhost_53660"
		Debug.AspNetCompiler.PhysicalPath = "STREETLIGHT_MOBLE\"
		Debug.AspNetCompiler.TargetPath = "PrecompiledWeb\localhost_53660\"
		Debug.AspNetCompiler.Updateable = "true"
		Debug.AspNetCompiler.ForceOverwrite = "true"
		Debug.AspNetCompiler.FixedNames = "false"
		Debug.AspNetCompiler.Debug = "True"
		Release.AspNetCompiler.VirtualPath = "/localhost_53660"
		Release.AspNetCompiler.PhysicalPath = "STREETLIGHT_MOBLE\"
		Release.AspNetCompiler.TargetPath = "PrecompiledWeb\localhost_53660\"
		Release.AspNetCompiler.Updateable = "true"
		Release.AspNetCompiler.ForceOverwrite = "true"
		Release.AspNetCompiler.FixedNames = "false"
		Release.AspNetCompiler.Debug = "False"
		VWDPort = "53660"
		SlnRelativePath = "STREETLIGHT_MOBLE\"
		DefaultWebSiteLanguage = "Visual C#"
	EndProjectSection
EndProject
Project("{E24C65DC-7377-472B-9ABA-BC803B73C61A}") = "SMARTPARKING", "SMARTPARKING", "{A810F7E0-4C83-4095-B2D8-2D30646CCA85}"
	ProjectSection(WebsiteProperties) = preProject
		SccProjectName = ""$/IFC_PROJECT", XCEDAAAA"
		SccAuxPath = ""
		SccLocalPath = ".."
		SccProvider = "MSSCCI:Microsoft Visual SourceSafe"
		TargetFrameworkMoniker = ".NETFramework,Version%3Dv4.5.2"
		Debug.AspNetCompiler.VirtualPath = "/localhost_52125"
		Debug.AspNetCompiler.PhysicalPath = "SMARTPARKING\"
		Debug.AspNetCompiler.TargetPath = "PrecompiledWeb\localhost_52125\"
		Debug.AspNetCompiler.Updateable = "true"
		Debug.AspNetCompiler.ForceOverwrite = "true"
		Debug.AspNetCompiler.FixedNames = "false"
		Debug.AspNetCompiler.Debug = "True"
		Release.AspNetCompiler.VirtualPath = "/localhost_52125"
		Release.AspNetCompiler.PhysicalPath = "SMARTPARKING\"
		Release.AspNetCompiler.TargetPath = "PrecompiledWeb\localhost_52125\"
		Release.AspNetCompiler.Updateable = "true"
		Release.AspNetCompiler.ForceOverwrite = "true"
		Release.AspNetCompiler.FixedNames = "false"
		Release.AspNetCompiler.Debug = "False"
		VWDPort = "52125"
		SlnRelativePath = "SMARTPARKING\"
		DefaultWebSiteLanguage = "Visual C#"
	EndProjectSection
EndProject
Project("{E24C65DC-7377-472B-9ABA-BC803B73C61A}") = "EMS", "EMS", "{BAC5829B-5960-40EE-8AF0-74190C5B1322}"
	ProjectSection(WebsiteProperties) = preProject
		SccProjectName = ""$/IFC_PROJECT", XCEDAAAA"
		SccAuxPath = ""
		SccLocalPath = ".."
		SccProvider = "MSSCCI:Microsoft Visual SourceSafe"
		TargetFrameworkMoniker = ".NETFramework,Version%3Dv4.0"
		Debug.AspNetCompiler.VirtualPath = "/localhost_51952"
		Debug.AspNetCompiler.PhysicalPath = "EMS\"
		Debug.AspNetCompiler.TargetPath = "PrecompiledWeb\localhost_51952\"
		Debug.AspNetCompiler.Updateable = "true"
		Debug.AspNetCompiler.ForceOverwrite = "true"
		Debug.AspNetCompiler.FixedNames = "false"
		Debug.AspNetCompiler.Debug = "True"
		Release.AspNetCompiler.VirtualPath = "/localhost_51952"
		Release.AspNetCompiler.PhysicalPath = "EMS\"
		Release.AspNetCompiler.TargetPath = "PrecompiledWeb\localhost_51952\"
		Release.AspNetCompiler.Updateable = "true"
		Release.AspNetCompiler.ForceOverwrite = "true"
		Release.AspNetCompiler.FixedNames = "false"
		Release.AspNetCompiler.Debug = "False"
		VWDPort = "51952"
		SlnRelativePath = "EMS\"
		DefaultWebSiteLanguage = "Visual C#"
	EndProjectSection
EndProject
Project("{E24C65DC-7377-472B-9ABA-BC803B73C61A}") = "HOTROLAPDAT", "HOTROLAPDAT", "{EB6B1E64-8905-4734-AF31-AD52ABC2B091}"
	ProjectSection(WebsiteProperties) = preProject
		SccProjectName = ""$/IFC_PROJECT", XCEDAAAA"
		SccAuxPath = ""
		SccLocalPath = ".."
		SccProvider = "MSSCCI:Microsoft Visual SourceSafe"
		TargetFrameworkMoniker = ".NETFramework,Version%3Dv4.5.2"
		Debug.AspNetCompiler.VirtualPath = "/localhost_50539"
		Debug.AspNetCompiler.PhysicalPath = "HOTROLAPDAT\"
		Debug.AspNetCompiler.TargetPath = "PrecompiledWeb\localhost_50539\"
		Debug.AspNetCompiler.Updateable = "true"
		Debug.AspNetCompiler.ForceOverwrite = "true"
		Debug.AspNetCompiler.FixedNames = "false"
		Debug.AspNetCompiler.Debug = "True"
		Release.AspNetCompiler.VirtualPath = "/localhost_50539"
		Release.AspNetCompiler.PhysicalPath = "HOTROLAPDAT\"
		Release.AspNetCompiler.TargetPath = "PrecompiledWeb\localhost_50539\"
		Release.AspNetCompiler.Updateable = "true"
		Release.AspNetCompiler.ForceOverwrite = "true"
		Release.AspNetCompiler.FixedNames = "false"
		Release.AspNetCompiler.Debug = "False"
		VWDPort = "50539"
		SlnRelativePath = "HOTROLAPDAT\"
		DefaultWebSiteLanguage = "Visual C#"
	EndProjectSection
EndProject
Project("{E24C65DC-7377-472B-9ABA-BC803B73C61A}") = "STREETLIGHT_V2", "STREETLIGHT_V2", "{F20FE6D7-E589-499D-BB01-4AEC35974B49}"
	ProjectSection(WebsiteProperties) = preProject
		SccProjectName = ""$/IFC_PROJECT", XCEDAAAA"
		SccAuxPath = ""
		SccLocalPath = ".."
		SccProvider = "MSSCCI:Microsoft Visual SourceSafe"
		TargetFrameworkMoniker = ".NETFramework,Version%3Dv4.5.2"
		Debug.AspNetCompiler.VirtualPath = "/localhost_57088"
		Debug.AspNetCompiler.PhysicalPath = "STREETLIGHT_V2\"
		Debug.AspNetCompiler.TargetPath = "PrecompiledWeb\localhost_57088\"
		Debug.AspNetCompiler.Updateable = "true"
		Debug.AspNetCompiler.ForceOverwrite = "true"
		Debug.AspNetCompiler.FixedNames = "false"
		Debug.AspNetCompiler.Debug = "True"
		Release.AspNetCompiler.VirtualPath = "/localhost_57088"
		Release.AspNetCompiler.PhysicalPath = "STREETLIGHT_V2\"
		Release.AspNetCompiler.TargetPath = "PrecompiledWeb\localhost_57088\"
		Release.AspNetCompiler.Updateable = "true"
		Release.AspNetCompiler.ForceOverwrite = "true"
		Release.AspNetCompiler.FixedNames = "false"
		Release.AspNetCompiler.Debug = "False"
		VWDPort = "57088"
		SlnRelativePath = "STREETLIGHT_V2\"
		DefaultWebSiteLanguage = "Visual C#"
	EndProjectSection
EndProject
Project("{E24C65DC-7377-472B-9ABA-BC803B73C61A}") = "CARPARKING1", "CARPARKING1", "{827F11B7-3AE2-49A2-BB97-5980B4595D5B}"
	ProjectSection(WebsiteProperties) = preProject
		SccProjectName = ""$/IFC_PROJECT", XCEDAAAA"
		SccAuxPath = ""
		SccLocalPath = ".."
		SccProvider = "MSSCCI:Microsoft Visual SourceSafe"
		TargetFrameworkMoniker = ".NETFramework,Version%3Dv4.0"
		Debug.AspNetCompiler.VirtualPath = "/localhost_51066"
		Debug.AspNetCompiler.PhysicalPath = "CARPARKING1\"
		Debug.AspNetCompiler.TargetPath = "PrecompiledWeb\localhost_51066\"
		Debug.AspNetCompiler.Updateable = "true"
		Debug.AspNetCompiler.ForceOverwrite = "true"
		Debug.AspNetCompiler.FixedNames = "false"
		Debug.AspNetCompiler.Debug = "True"
		Release.AspNetCompiler.VirtualPath = "/localhost_51066"
		Release.AspNetCompiler.PhysicalPath = "CARPARKING1\"
		Release.AspNetCompiler.TargetPath = "PrecompiledWeb\localhost_51066\"
		Release.AspNetCompiler.Updateable = "true"
		Release.AspNetCompiler.ForceOverwrite = "true"
		Release.AspNetCompiler.FixedNames = "false"
		Release.AspNetCompiler.Debug = "False"
		VWDPort = "51066"
		SlnRelativePath = "CARPARKING1\"
		DefaultWebSiteLanguage = "Visual C#"
	EndProjectSection
EndProject
Project("{E24C65DC-7377-472B-9ABA-BC803B73C61A}") = "CANHBAOHETHONG", "CANHBAOHETHONG", "{7F964DE4-7BD6-442D-9CF5-EECA708077F1}"
	ProjectSection(WebsiteProperties) = preProject
		SccProjectName = ""$/IFC_PROJECT", XCEDAAAA"
		SccAuxPath = ""
		SccLocalPath = ".."
		SccProvider = "MSSCCI:Microsoft Visual SourceSafe"
		TargetFrameworkMoniker = ".NETFramework,Version%3Dv4.0"
		Debug.AspNetCompiler.VirtualPath = "/localhost_54295"
		Debug.AspNetCompiler.PhysicalPath = "CANHBAOHETHONG\"
		Debug.AspNetCompiler.TargetPath = "PrecompiledWeb\localhost_54295\"
		Debug.AspNetCompiler.Updateable = "true"
		Debug.AspNetCompiler.ForceOverwrite = "true"
		Debug.AspNetCompiler.FixedNames = "false"
		Debug.AspNetCompiler.Debug = "True"
		Release.AspNetCompiler.VirtualPath = "/localhost_54295"
		Release.AspNetCompiler.PhysicalPath = "CANHBAOHETHONG\"
		Release.AspNetCompiler.TargetPath = "PrecompiledWeb\localhost_54295\"
		Release.AspNetCompiler.Updateable = "true"
		Release.AspNetCompiler.ForceOverwrite = "true"
		Release.AspNetCompiler.FixedNames = "false"
		Release.AspNetCompiler.Debug = "False"
		VWDPort = "54295"
		SlnRelativePath = "CANHBAOHETHONG\"
		DefaultWebSiteLanguage = "Visual C#"
	EndProjectSection
EndProject
Project("{E24C65DC-7377-472B-9ABA-BC803B73C61A}") = "PORTAL", "PORTAL", "{CEF6CDA2-60B4-4AC6-B94A-FE6243262B25}"
	ProjectSection(WebsiteProperties) = preProject
		SccProjectName = ""$/IFC_PROJECT", XCEDAAAA"
		SccAuxPath = ""
		SccLocalPath = ".."
		SccProvider = "MSSCCI:Microsoft Visual SourceSafe"
		TargetFrameworkMoniker = ".NETFramework,Version%3Dv4.0"
		Debug.AspNetCompiler.VirtualPath = "/localhost_50791"
		Debug.AspNetCompiler.PhysicalPath = "PORTAL\"
		Debug.AspNetCompiler.TargetPath = "PrecompiledWeb\localhost_50791\"
		Debug.AspNetCompiler.Updateable = "true"
		Debug.AspNetCompiler.ForceOverwrite = "true"
		Debug.AspNetCompiler.FixedNames = "false"
		Debug.AspNetCompiler.Debug = "True"
		Release.AspNetCompiler.VirtualPath = "/localhost_50791"
		Release.AspNetCompiler.PhysicalPath = "PORTAL\"
		Release.AspNetCompiler.TargetPath = "PrecompiledWeb\localhost_50791\"
		Release.AspNetCompiler.Updateable = "true"
		Release.AspNetCompiler.ForceOverwrite = "true"
		Release.AspNetCompiler.FixedNames = "false"
		Release.AspNetCompiler.Debug = "False"
		VWDPort = "50791"
		SlnRelativePath = "PORTAL\"
		DefaultWebSiteLanguage = "Visual C#"
	EndProjectSection
EndProject
Project("{E24C65DC-7377-472B-9ABA-BC803B73C61A}") = "STREETLIGHT_V3", "STREETLIGHT_V3", "{5E5716DD-4ABA-4694-A35F-DBAC65315B08}"
	ProjectSection(WebsiteProperties) = preProject
		SccProjectName = ""$/IFC_PROJECT", XCEDAAAA"
		SccAuxPath = ""
		SccLocalPath = ".."
		SccProvider = "MSSCCI:Microsoft Visual SourceSafe"
		TargetFrameworkMoniker = ".NETFramework,Version%3Dv4.5.2"
		Debug.AspNetCompiler.VirtualPath = "/localhost_61117"
		Debug.AspNetCompiler.PhysicalPath = "STREETLIGHT_V3\"
		Debug.AspNetCompiler.TargetPath = "PrecompiledWeb\localhost_61117\"
		Debug.AspNetCompiler.Updateable = "true"
		Debug.AspNetCompiler.ForceOverwrite = "true"
		Debug.AspNetCompiler.FixedNames = "false"
		Debug.AspNetCompiler.Debug = "True"
		Release.AspNetCompiler.VirtualPath = "/localhost_61117"
		Release.AspNetCompiler.PhysicalPath = "STREETLIGHT_V3\"
		Release.AspNetCompiler.TargetPath = "PrecompiledWeb\localhost_61117\"
		Release.AspNetCompiler.Updateable = "true"
		Release.AspNetCompiler.ForceOverwrite = "true"
		Release.AspNetCompiler.FixedNames = "false"
		Release.AspNetCompiler.Debug = "False"
		VWDPort = "61117"
		SlnRelativePath = "STREETLIGHT_V3\"
	EndProjectSection
EndProject
Project("{E24C65DC-7377-472B-9ABA-BC803B73C61A}") = "EMS_MORONG_AMRCU", "EMS_MORONG_AMRCU", "{72B46305-1DFB-4244-AABC-AEBE7BF4B8C3}"
	ProjectSection(WebsiteProperties) = preProject
		SccProjectName = ""$/IFC_PROJECT", XCEDAAAA"
		SccAuxPath = ""
		SccLocalPath = ".."
		SccProvider = "MSSCCI:Microsoft Visual SourceSafe"
		TargetFrameworkMoniker = ".NETFramework,Version%3Dv4.0"
		Debug.AspNetCompiler.VirtualPath = "/localhost_54819"
		Debug.AspNetCompiler.PhysicalPath = "EMS_MORONG_AMRCU\"
		Debug.AspNetCompiler.TargetPath = "PrecompiledWeb\localhost_54819\"
		Debug.AspNetCompiler.Updateable = "true"
		Debug.AspNetCompiler.ForceOverwrite = "true"
		Debug.AspNetCompiler.FixedNames = "false"
		Debug.AspNetCompiler.Debug = "True"
		Release.AspNetCompiler.VirtualPath = "/localhost_54819"
		Release.AspNetCompiler.PhysicalPath = "EMS_MORONG_AMRCU\"
		Release.AspNetCompiler.TargetPath = "PrecompiledWeb\localhost_54819\"
		Release.AspNetCompiler.Updateable = "true"
		Release.AspNetCompiler.ForceOverwrite = "true"
		Release.AspNetCompiler.FixedNames = "false"
		Release.AspNetCompiler.Debug = "False"
		VWDPort = "54819"
		SlnRelativePath = "EMS_MORONG_AMRCU\"
	EndProjectSection
EndProject
Global
	GlobalSection(SolutionConfigurationPlatforms) = preSolution
		Debug|Any CPU = Debug|Any CPU
		Release|Any CPU = Release|Any CPU
	EndGlobalSection
	GlobalSection(ProjectConfigurationPlatforms) = postSolution
		{78B6BA17-05C9-46D9-89CA-46B4BA64C561}.Debug|Any CPU.ActiveCfg = Debug|Any CPU
		{78B6BA17-05C9-46D9-89CA-46B4BA64C561}.Debug|Any CPU.Build.0 = Debug|Any CPU
		{78B6BA17-05C9-46D9-89CA-46B4BA64C561}.Release|Any CPU.ActiveCfg = Debug|Any CPU
		{78B6BA17-05C9-46D9-89CA-46B4BA64C561}.Release|Any CPU.Build.0 = Debug|Any CPU
		{EA2B1B11-98E3-4744-91A5-A8A3E81B48DC}.Debug|Any CPU.ActiveCfg = Debug|Any CPU
		{EA2B1B11-98E3-4744-91A5-A8A3E81B48DC}.Debug|Any CPU.Build.0 = Debug|Any CPU
		{EA2B1B11-98E3-4744-91A5-A8A3E81B48DC}.Release|Any CPU.ActiveCfg = Debug|Any CPU
		{EA2B1B11-98E3-4744-91A5-A8A3E81B48DC}.Release|Any CPU.Build.0 = Debug|Any CPU
		{EAE26BA5-C9B6-4D8D-9AFD-D47A03891D79}.Debug|Any CPU.ActiveCfg = Debug|Any CPU
		{EAE26BA5-C9B6-4D8D-9AFD-D47A03891D79}.Debug|Any CPU.Build.0 = Debug|Any CPU
		{EAE26BA5-C9B6-4D8D-9AFD-D47A03891D79}.Release|Any CPU.ActiveCfg = Debug|Any CPU
		{EAE26BA5-C9B6-4D8D-9AFD-D47A03891D79}.Release|Any CPU.Build.0 = Debug|Any CPU
		{76551086-598F-46E7-89A8-C85562A57830}.Debug|Any CPU.ActiveCfg = Debug|Any CPU
		{76551086-598F-46E7-89A8-C85562A57830}.Debug|Any CPU.Build.0 = Debug|Any CPU
		{76551086-598F-46E7-89A8-C85562A57830}.Release|Any CPU.ActiveCfg = Debug|Any CPU
		{76551086-598F-46E7-89A8-C85562A57830}.Release|Any CPU.Build.0 = Debug|Any CPU
		{22E60ADD-1012-4D93-BA34-DDF7889E690D}.Debug|Any CPU.ActiveCfg = Debug|Any CPU
		{22E60ADD-1012-4D93-BA34-DDF7889E690D}.Debug|Any CPU.Build.0 = Debug|Any CPU
		{22E60ADD-1012-4D93-BA34-DDF7889E690D}.Release|Any CPU.ActiveCfg = Debug|Any CPU
		{22E60ADD-1012-4D93-BA34-DDF7889E690D}.Release|Any CPU.Build.0 = Debug|Any CPU
		{BAAAA9AF-A2A0-40E5-A7B4-B74E7D1BC1DB}.Debug|Any CPU.ActiveCfg = Debug|Any CPU
		{BAAAA9AF-A2A0-40E5-A7B4-B74E7D1BC1DB}.Debug|Any CPU.Build.0 = Debug|Any CPU
		{BAAAA9AF-A2A0-40E5-A7B4-B74E7D1BC1DB}.Release|Any CPU.ActiveCfg = Debug|Any CPU
		{BAAAA9AF-A2A0-40E5-A7B4-B74E7D1BC1DB}.Release|Any CPU.Build.0 = Debug|Any CPU
		{A810F7E0-4C83-4095-B2D8-2D30646CCA85}.Debug|Any CPU.ActiveCfg = Debug|Any CPU
		{A810F7E0-4C83-4095-B2D8-2D30646CCA85}.Debug|Any CPU.Build.0 = Debug|Any CPU
		{A810F7E0-4C83-4095-B2D8-2D30646CCA85}.Release|Any CPU.ActiveCfg = Debug|Any CPU
		{A810F7E0-4C83-4095-B2D8-2D30646CCA85}.Release|Any CPU.Build.0 = Debug|Any CPU
		{BAC5829B-5960-40EE-8AF0-74190C5B1322}.Debug|Any CPU.ActiveCfg = Debug|Any CPU
		{BAC5829B-5960-40EE-8AF0-74190C5B1322}.Debug|Any CPU.Build.0 = Debug|Any CPU
		{BAC5829B-5960-40EE-8AF0-74190C5B1322}.Release|Any CPU.ActiveCfg = Debug|Any CPU
		{BAC5829B-5960-40EE-8AF0-74190C5B1322}.Release|Any CPU.Build.0 = Debug|Any CPU
		{EB6B1E64-8905-4734-AF31-AD52ABC2B091}.Debug|Any CPU.ActiveCfg = Debug|Any CPU
		{EB6B1E64-8905-4734-AF31-AD52ABC2B091}.Debug|Any CPU.Build.0 = Debug|Any CPU
		{EB6B1E64-8905-4734-AF31-AD52ABC2B091}.Release|Any CPU.ActiveCfg = Debug|Any CPU
		{EB6B1E64-8905-4734-AF31-AD52ABC2B091}.Release|Any CPU.Build.0 = Debug|Any CPU
		{F20FE6D7-E589-499D-BB01-4AEC35974B49}.Debug|Any CPU.ActiveCfg = Debug|Any CPU
		{F20FE6D7-E589-499D-BB01-4AEC35974B49}.Debug|Any CPU.Build.0 = Debug|Any CPU
		{F20FE6D7-E589-499D-BB01-4AEC35974B49}.Release|Any CPU.ActiveCfg = Debug|Any CPU
		{F20FE6D7-E589-499D-BB01-4AEC35974B49}.Release|Any CPU.Build.0 = Debug|Any CPU
		{827F11B7-3AE2-49A2-BB97-5980B4595D5B}.Debug|Any CPU.ActiveCfg = Debug|Any CPU
		{827F11B7-3AE2-49A2-BB97-5980B4595D5B}.Debug|Any CPU.Build.0 = Debug|Any CPU
		{827F11B7-3AE2-49A2-BB97-5980B4595D5B}.Release|Any CPU.ActiveCfg = Debug|Any CPU
		{827F11B7-3AE2-49A2-BB97-5980B4595D5B}.Release|Any CPU.Build.0 = Debug|Any CPU
		{7F964DE4-7BD6-442D-9CF5-EECA708077F1}.Debug|Any CPU.ActiveCfg = Debug|Any CPU
		{7F964DE4-7BD6-442D-9CF5-EECA708077F1}.Debug|Any CPU.Build.0 = Debug|Any CPU
		{7F964DE4-7BD6-442D-9CF5-EECA708077F1}.Release|Any CPU.ActiveCfg = Debug|Any CPU
		{7F964DE4-7BD6-442D-9CF5-EECA708077F1}.Release|Any CPU.Build.0 = Debug|Any CPU
		{CEF6CDA2-60B4-4AC6-B94A-FE6243262B25}.Debug|Any CPU.ActiveCfg = Debug|Any CPU
		{CEF6CDA2-60B4-4AC6-B94A-FE6243262B25}.Debug|Any CPU.Build.0 = Debug|Any CPU
		{CEF6CDA2-60B4-4AC6-B94A-FE6243262B25}.Release|Any CPU.ActiveCfg = Debug|Any CPU
		{CEF6CDA2-60B4-4AC6-B94A-FE6243262B25}.Release|Any CPU.Build.0 = Debug|Any CPU
		{5E5716DD-4ABA-4694-A35F-DBAC65315B08}.Debug|Any CPU.ActiveCfg = Debug|Any CPU
		{5E5716DD-4ABA-4694-A35F-DBAC65315B08}.Debug|Any CPU.Build.0 = Debug|Any CPU
		{5E5716DD-4ABA-4694-A35F-DBAC65315B08}.Release|Any CPU.ActiveCfg = Debug|Any CPU
		{5E5716DD-4ABA-4694-A35F-DBAC65315B08}.Release|Any CPU.Build.0 = Debug|Any CPU
		{72B46305-1DFB-4244-AABC-AEBE7BF4B8C3}.Debug|Any CPU.ActiveCfg = Debug|Any CPU
		{72B46305-1DFB-4244-AABC-AEBE7BF4B8C3}.Debug|Any CPU.Build.0 = Debug|Any CPU
		{72B46305-1DFB-4244-AABC-AEBE7BF4B8C3}.Release|Any CPU.ActiveCfg = Debug|Any CPU
		{72B46305-1DFB-4244-AABC-AEBE7BF4B8C3}.Release|Any CPU.Build.0 = Debug|Any CPU
	EndGlobalSection
	GlobalSection(SolutionProperties) = preSolution
		HideSolutionNode = FALSE
	EndGlobalSection
	GlobalSection(SourceCodeControl) = preSolution
		SccNumberOfProjects = 16
		SccLocalPath0 = .
		SccWebProject1 = true
		SccProjectUniqueName1 = AMISS_V4
		SccLocalPath1 = .
		SccProjectFilePathRelativizedFromConnection1 = AMISS_V4\\
		SccProjectEnlistmentChoice1 = 2
		SccWebProject2 = true
		SccProjectUniqueName2 = AMOSI_WEB
		SccLocalPath2 = .
		SccProjectFilePathRelativizedFromConnection2 = AMOSI_WEB\\
		SccProjectEnlistmentChoice2 = 2
		SccWebProject3 = true
		SccProjectUniqueName3 = CANHBAOHETHONG
		SccLocalPath3 = .
		SccProjectFilePathRelativizedFromConnection3 = CANHBAOHETHONG\\
		SccProjectEnlistmentChoice3 = 2
		SccWebProject4 = true
		SccProjectUniqueName4 = CARPARKING1
		SccLocalPath4 = .
		SccProjectFilePathRelativizedFromConnection4 = CARPARKING1\\
		SccProjectEnlistmentChoice4 = 2
		SccWebProject5 = true
		SccProjectUniqueName5 = EMS
		SccLocalPath5 = .
		SccProjectFilePathRelativizedFromConnection5 = EMS\\
		SccProjectEnlistmentChoice5 = 2
		SccWebProject6 = true
		SccProjectUniqueName6 = EMS_MORONG_AMRCU
		SccLocalPath6 = .
		SccProjectFilePathRelativizedFromConnection6 = EMS_MORONG_AMRCU\\
		SccProjectEnlistmentChoice6 = 2
		SccWebProject7 = true
		SccProjectUniqueName7 = HOADONDIENTU
		SccLocalPath7 = .
		SccProjectFilePathRelativizedFromConnection7 = HOADONDIENTU\\
		SccProjectEnlistmentChoice7 = 2
		SccWebProject8 = true
		SccProjectUniqueName8 = HOTROLAPDAT
		SccLocalPath8 = .
		SccProjectFilePathRelativizedFromConnection8 = HOTROLAPDAT\\
		SccProjectEnlistmentChoice8 = 2
		SccWebProject9 = true
		SccProjectUniqueName9 = PORTAL
		SccLocalPath9 = .
		SccProjectFilePathRelativizedFromConnection9 = PORTAL\\
		SccProjectEnlistmentChoice9 = 2
		SccWebProject10 = true
		SccProjectUniqueName10 = SMARTPARKING
		SccLocalPath10 = .
		SccProjectFilePathRelativizedFromConnection10 = SMARTPARKING\\
		SccProjectEnlistmentChoice10 = 2
		SccWebProject11 = true
		SccProjectUniqueName11 = STREETLIGHT
		SccLocalPath11 = .
		SccProjectFilePathRelativizedFromConnection11 = STREETLIGHT\\
		SccProjectEnlistmentChoice11 = 2
		SccWebProject12 = true
		SccProjectUniqueName12 = STREETLIGHT_MOBLE
		SccLocalPath12 = .
		SccProjectFilePathRelativizedFromConnection12 = STREETLIGHT_MOBLE\\
		SccProjectEnlistmentChoice12 = 2
		SccWebProject13 = true
		SccProjectUniqueName13 = STREETLIGHT_V2
		SccLocalPath13 = .
		SccProjectFilePathRelativizedFromConnection13 = STREETLIGHT_V2\\
		SccProjectEnlistmentChoice13 = 2
		SccWebProject14 = true
		SccProjectUniqueName14 = STREETLIGHT_V3
		SccLocalPath14 = .
		SccProjectFilePathRelativizedFromConnection14 = STREETLIGHT_V3\\
		SccProjectEnlistmentChoice14 = 2
		SccWebProject15 = true
		SccProjectUniqueName15 = XANGDAU
		SccLocalPath15 = .
		SccProjectFilePathRelativizedFromConnection15 = XANGDAU\\
		SccProjectEnlistmentChoice15 = 2
	EndGlobalSection
EndGlobal
