
Microsoft Visual Studio Solution File, Format Version 12.00
# Visual Studio 14
VisualStudioVersion = 14.0.25420.1
MinimumVisualStudioVersion = 10.0.40219.1
Project("{E24C65DC-7377-472B-9ABA-BC803B73C61A}") = "AMISS V4", "..\AMISS V4", "{D17F46A2-2F31-4690-8138-211B9CA0D79A}"
	ProjectSection(WebsiteProperties) = preProject
		SccProjectName = ""$/AMISS V4/AMISS V4", JFSEAAAA"
		SccAuxPath = ""
		SccLocalPath = "."
		SccProvider = "MSSCCI:Microsoft Visual SourceSafe"
		TargetFrameworkMoniker = ".NETFramework,Version%3Dv4.5.2"
		Debug.AspNetCompiler.VirtualPath = "/localhost_54865"
		Debug.AspNetCompiler.PhysicalPath = "..\AMISS V4\"
		Debug.AspNetCompiler.TargetPath = "PrecompiledWeb\localhost_54865\"
		Debug.AspNetCompiler.Updateable = "true"
		Debug.AspNetCompiler.ForceOverwrite = "true"
		Debug.AspNetCompiler.FixedNames = "false"
		Debug.AspNetCompiler.Debug = "True"
		Release.AspNetCompiler.VirtualPath = "/localhost_54865"
		Release.AspNetCompiler.PhysicalPath = "..\AMISS V4\"
		Release.AspNetCompiler.TargetPath = "PrecompiledWeb\localhost_54865\"
		Release.AspNetCompiler.Updateable = "true"
		Release.AspNetCompiler.ForceOverwrite = "true"
		Release.AspNetCompiler.FixedNames = "false"
		Release.AspNetCompiler.Debug = "False"
		VWDPort = "54865"
		SlnRelativePath = "..\AMISS V4\"
	EndProjectSection
EndProject
Global
	GlobalSection(SolutionConfigurationPlatforms) = preSolution
		Debug|Any CPU = Debug|Any CPU
	EndGlobalSection
	GlobalSection(ProjectConfigurationPlatforms) = postSolution
		{D17F46A2-2F31-4690-8138-211B9CA0D79A}.Debug|Any CPU.ActiveCfg = Debug|Any CPU
		{D17F46A2-2F31-4690-8138-211B9CA0D79A}.Debug|Any CPU.Build.0 = Debug|Any CPU
	EndGlobalSection
	GlobalSection(SolutionProperties) = preSolution
		HideSolutionNode = FALSE
	EndGlobalSection
	GlobalSection(SourceCodeControl) = preSolution
		SccNumberOfProjects = 2
		SccLocalPath0 = .
		SccWebProject1 = true
		SccProjectUniqueName1 = .
		SccLocalPath1 = D:\\LONGCT\\BASE2016\\SERVER233\\AMISS\u0020V4
		SccProjectEnlistmentChoice1 = 2
	EndGlobalSection
EndGlobal
